// !$*UTF8*$!
{
	archiveVersion = 1;
	classes = {
	};
	objectVersion = 50;
	objects = {

/* Begin PBXBuildFile section */
		A1317FE523A6C4810039AC17 /* AppDelegate.swift in Sources */ = {isa = PBXBuildFile; fileRef = A1317FE423A6C4810039AC17 /* AppDelegate.swift */; };
		A1317FE723A6C4810039AC17 /* SceneDelegate.swift in Sources */ = {isa = PBXBuildFile; fileRef = A1317FE623A6C4810039AC17 /* SceneDelegate.swift */; };
		A1317FE923A6C4810039AC17 /* ContentView.swift in Sources */ = {isa = PBXBuildFile; fileRef = A1317FE823A6C4810039AC17 /* ContentView.swift */; };
		A1317FEB23A6C4820039AC17 /* Assets.xcassets in Resources */ = {isa = PBXBuildFile; fileRef = A1317FEA23A6C4820039AC17 /* Assets.xcassets */; };
		A1317FEE23A6C4820039AC17 /* Preview Assets.xcassets in Resources */ = {isa = PBXBuildFile; fileRef = A1317FED23A6C4820039AC17 /* Preview Assets.xcassets */; };
		A1317FF123A6C4820039AC17 /* LaunchScreen.storyboard in Resources */ = {isa = PBXBuildFile; fileRef = A1317FEF23A6C4820039AC17 /* LaunchScreen.storyboard */; };
/* End PBXBuildFile section */

/* Begin PBXFileReference section */
		A111413323A735EB001D5FF5 /* minventure.entitlements */ = {isa = PBXFileReference; lastKnownFileType = text.plist.entitlements; path = minventure.entitlements; sourceTree = "<group>"; };
		A1317FE123A6C4810039AC17 /* minventure.app */ = {isa = PBXFileReference; explicitFileType = wrapper.application; includeInIndex = 0; path = minventure.app; sourceTree = BUILT_PRODUCTS_DIR; };
		A1317FE423A6C4810039AC17 /* AppDelegate.swift */ = {isa = PBXFileReference; lastKnownFileType = sourcecode.swift; path = AppDelegate.swift; sourceTree = "<group>"; };
		A1317FE623A6C4810039AC17 /* SceneDelegate.swift */ = {isa = PBXFileReference; lastKnownFileType = sourcecode.swift; path = SceneDelegate.swift; sourceTree = "<group>"; };
		A1317FE823A6C4810039AC17 /* ContentView.swift */ = {isa = PBXFileReference; lastKnownFileType = sourcecode.swift; path = ContentView.swift; sourceTree = "<group>"; };
		A1317FEA23A6C4820039AC17 /* Assets.xcassets */ = {isa = PBXFileReference; lastKnownFileType = folder.assetcatalog; path = Assets.xcassets; sourceTree = "<group>"; };
		A1317FED23A6C4820039AC17 /* Preview Assets.xcassets */ = {isa = PBXFileReference; lastKnownFileType = folder.assetcatalog; path = "Preview Assets.xcassets"; sourceTree = "<group>"; };
		A1317FF023A6C4820039AC17 /* Base */ = {isa = PBXFileReference; lastKnownFileType = file.storyboard; name = Base; path = Base.lproj/LaunchScreen.storyboard; sourceTree = "<group>"; };
		A1317FF223A6C4820039AC17 /* Info.plist */ = {isa = PBXFileReference; lastKnownFileType = text.plist.xml; path = Info.plist; sourceTree = "<group>"; };
/* End PBXFileReference section */

/* Begin PBXFrameworksBuildPhase section */
		A1317FDE23A6C4810039AC17 /* Frameworks */ = {
			isa = PBXFrameworksBuildPhase;
			buildActionMask = 2147483647;
			files = (
			);
			runOnlyForDeploymentPostprocessing = 0;
		};
/* End PBXFrameworksBuildPhase section */

/* Begin PBXGroup section */
		A1317FD823A6C4810039AC17 = {
			isa = PBXGroup;
			children = (
				A1317FE323A6C4810039AC17 /* minventure */,
				A1317FE223A6C4810039AC17 /* Products */,
			);
			sourceTree = "<group>";
		};
		A1317FE223A6C4810039AC17 /* Products */ = {
			isa = PBXGroup;
			children = (
				A1317FE123A6C4810039AC17 /* minventure.app */,
			);
			name = Products;
			sourceTree = "<group>";
		};
		A1317FE323A6C4810039AC17 /* minventure */ = {
			isa = PBXGroup;
			children = (
				A111413323A735EB001D5FF5 /* minventure.entitlements */,
				A1317FE423A6C4810039AC17 /* AppDelegate.swift */,
				A1317FE623A6C4810039AC17 /* SceneDelegate.swift */,
				A1317FE823A6C4810039AC17 /* ContentView.swift */,
				A1317FEA23A6C4820039AC17 /* Assets.xcassets */,
				A1317FEF23A6C4820039AC17 /* LaunchScreen.storyboard */,
				A1317FF223A6C4820039AC17 /* Info.plist */,
				A1317FEC23A6C4820039AC17 /* Preview Content */,
			);
			path = minventure;
			sourceTree = "<group>";
		};
		A1317FEC23A6C4820039AC17 /* Preview Content */ = {
			isa = PBXGroup;
			children = (
				A1317FED23A6C4820039AC17 /* Preview Assets.xcassets */,
			);
			path = "Preview Content";
			sourceTree = "<group>";
		};
/* End PBXGroup section */

/* Begin PBXNativeTarget section */
		A1317FE023A6C4810039AC17 /* minventure */ = {
			isa = PBXNativeTarget;
			buildConfigurationList = A1317FF523A6C4820039AC17 /* Build configuration list for PBXNativeTarget "minventure" */;
			buildPhases = (
				A1317FDD23A6C4810039AC17 /* Sources */,
				A1317FDE23A6C4810039AC17 /* Frameworks */,
				A1317FDF23A6C4810039AC17 /* Resources */,
			);
			buildRules = (
			);
			dependencies = (
			);
			name = minventure;
			productName = minventure;
			productReference = A1317FE123A6C4810039AC17 /* minventure.app */;
			productType = "com.apple.product-type.application";
		};
/* End PBXNativeTarget section */

/* Begin PBXProject section */
		A1317FD923A6C4810039AC17 /* Project object */ = {
			isa = PBXProject;
			attributes = {
				LastSwiftUpdateCheck = 1130;
				LastUpgradeCheck = 1130;
				ORGANIZATIONNAME = "Andy Sherwood";
				TargetAttributes = {
					A1317FE023A6C4810039AC17 = {
						CreatedOnToolsVersion = 11.3;
					};
				};
			};
			buildConfigurationList = A1317FDC23A6C4810039AC17 /* Build configuration list for PBXProject "minventure" */;
			compatibilityVersion = "Xcode 9.3";
			developmentRegion = en;
			hasScannedForEncodings = 0;
			knownRegions = (
				en,
				Base,
			);
			mainGroup = A1317FD823A6C4810039AC17;
			productRefGroup = A1317FE223A6C4810039AC17 /* Products */;
			projectDirPath = "";
			projectRoot = "";
			targets = (
				A1317FE023A6C4810039AC17 /* minventure */,
			);
		};
/* End PBXProject section */

/* Begin PBXResourcesBuildPhase section */
		A1317FDF23A6C4810039AC17 /* Resources */ = {
			isa = PBXResourcesBuildPhase;
			buildActionMask = 2147483647;
			files = (
				A1317FF123A6C4820039AC17 /* LaunchScreen.storyboard in Resources */,
				A1317FEE23A6C4820039AC17 /* Preview Assets.xcassets in Resources */,
				A1317FEB23A6C4820039AC17 /* Assets.xcassets in Resources */,
			);
			runOnlyForDeploymentPostprocessing = 0;
		};
/* End PBXResourcesBuildPhase section */

/* Begin PBXSourcesBuildPhase section */
		A1317FDD23A6C4810039AC17 /* Sources */ = {
			isa = PBXSourcesBuildPhase;
			buildActionMask = 2147483647;
			files = (
				A1317FE523A6C4810039AC17 /* AppDelegate.swift in Sources */,
				A1317FE723A6C4810039AC17 /* SceneDelegate.swift in Sources */,
				A1317FE923A6C4810039AC17 /* ContentView.swift in Sources */,
			);
			runOnlyForDeploymentPostprocessing = 0;
		};
/* End PBXSourcesBuildPhase section */

/* Begin PBXVariantGroup section */
		A1317FEF23A6C4820039AC17 /* LaunchScreen.storyboard */ = {
			isa = PBXVariantGroup;
			children = (
				A1317FF023A6C4820039AC17 /* Base */,
			);
			name = LaunchScreen.storyboard;
			sourceTree = "<group>";
		};
/* End PBXVariantGroup section */

/* Begin XCBuildConfiguration section */
		A1317FF323A6C4820039AC17 /* Debug */ = {
			isa = XCBuildConfiguration;
			buildSettings = {
				ALWAYS_SEARCH_USER_PATHS = NO;
				CLANG_ANALYZER_NONNULL = YES;
				CLANG_ANALYZER_NUMBER_OBJECT_CONVERSION = YES_AGGRESSIVE;
				CLANG_CXX_LANGUAGE_STANDARD = "gnu++14";
				CLANG_CXX_LIBRARY = "libc++";
				CLANG_ENABLE_MODULES = YES;
				CLANG_ENABLE_OBJC_ARC = YES;
				CLANG_ENABLE_OBJC_WEAK = YES;
				CLANG_WARN_BLOCK_CAPTURE_AUTORELEASING = YES;
				CLANG_WARN_BOOL_CONVERSION = YES;
				CLANG_WARN_COMMA = YES;
				CLANG_WARN_CONSTANT_CONVERSION = YES;
				CLANG_WARN_DEPRECATED_OBJC_IMPLEMENTATIONS = YES;
				CLANG_WARN_DIRECT_OBJC_ISA_USAGE = YES_ERROR;
				CLANG_WARN_DOCUMENTATION_COMMENTS = YES;
				CLANG_WARN_EMPTY_BODY = YES;
				CLANG_WARN_ENUM_CONVERSION = YES;
				CLANG_WARN_INFINITE_RECURSION = YES;
				CLANG_WARN_INT_CONVERSION = YES;
				CLANG_WARN_NON_LITERAL_NULL_CONVERSION = YES;
				CLANG_WARN_OBJC_IMPLICIT_RETAIN_SELF = YES;
				CLANG_WARN_OBJC_LITERAL_CONVERSION = YES;
				CLANG_WARN_OBJC_ROOT_CLASS = YES_ERROR;
				CLANG_WARN_RANGE_LOOP_ANALYSIS = YES;
				CLANG_WARN_STRICT_PROTOTYPES = YES;
				CLANG_WARN_SUSPICIOUS_MOVE = YES;
				CLANG_WARN_UNGUARDED_AVAILABILITY = YES_AGGRESSIVE;
				CLANG_WARN_UNREACHABLE_CODE = YES;
				CLANG_WARN__DUPLICATE_METHOD_MATCH = YES;
				COPY_PHASE_STRIP = NO;
				DEBUG_INFORMATION_FORMAT = dwarf;
				ENABLE_STRICT_OBJC_MSGSEND = YES;
				ENABLE_TESTABILITY = YES;
				GCC_C_LANGUAGE_STANDARD = gnu11;
				GCC_DYNAMIC_NO_PIC = NO;
				GCC_NO_COMMON_BLOCKS = YES;
				GCC_OPTIMIZATION_LEVEL = 0;
				GCC_PREPROCESSOR_DEFINITIONS = (
					"DEBUG=1",
					"$(inherited)",
				);
				GCC_WARN_64_TO_32_BIT_CONVERSION = YES;
				GCC_WARN_ABOUT_RETURN_TYPE = YES_ERROR;
				GCC_WARN_UNDECLARED_SELECTOR = YES;
				GCC_WARN_UNINITIALIZED_AUTOS = YES_AGGRESSIVE;
				GCC_WARN_UNUSED_FUNCTION = YES;
				GCC_WARN_UNUSED_VARIABLE = YES;
				IPHONEOS_DEPLOYMENT_TARGET = 13.2;
				MTL_ENABLE_DEBUG_INFO = INCLUDE_SOURCE;
				MTL_FAST_MATH = YES;
				ONLY_ACTIVE_ARCH = YES;
				SDKROOT = iphoneos;
				SWIFT_ACTIVE_COMPILATION_CONDITIONS = DEBUG;
				SWIFT_OPTIMIZATION_LEVEL = "-Onone";
			};
			name = Debug;
		};
		A1317FF423A6C4820039AC17 /* Release */ = {
			isa = XCBuildConfiguration;
			buildSettings = {
				ALWAYS_SEARCH_USER_PATHS = NO;
				CLANG_ANALYZER_NONNULL = YES;
				CLANG_ANALYZER_NUMBER_OBJECT_CONVERSION = YES_AGGRESSIVE;
				CLANG_CXX_LANGUAGE_STANDARD = "gnu++14";
				CLANG_CXX_LIBRARY = "libc++";
				CLANG_ENABLE_MODULES = YES;
				CLANG_ENABLE_OBJC_ARC = YES;
				CLANG_ENABLE_OBJC_WEAK = YES;
				CLANG_WARN_BLOCK_CAPTURE_AUTORELEASING = YES;
				CLANG_WARN_BOOL_CONVERSION = YES;
				CLANG_WARN_COMMA = YES;
				CLANG_WARN_CONSTANT_CONVERSION = YES;
				CLANG_WARN_DEPRECATED_OBJC_IMPLEMENTATIONS = YES;
				CLANG_WARN_DIRECT_OBJC_ISA_USAGE = YES_ERROR;
				CLANG_WARN_DOCUMENTATION_COMMENTS = YES;
				CLANG_WARN_EMPTY_BODY = YES;
				CLANG_WARN_ENUM_CONVERSION = YES;
				CLANG_WARN_INFINITE_RECURSION = YES;
				CLANG_WARN_INT_CONVERSION = YES;
				CLANG_WARN_NON_LITERAL_NULL_CONVERSION = YES;
				CLANG_WARN_OBJC_IMPLICIT_RETAIN_SELF = YES;
				CLANG_WARN_OBJC_LITERAL_CONVERSION = YES;
				CLANG_WARN_OBJC_ROOT_CLASS = YES_ERROR;
				CLANG_WARN_RANGE_LOOP_ANALYSIS = YES;
				CLANG_WARN_STRICT_PROTOTYPES = YES;
				CLANG_WARN_SUSPICIOUS_MOVE = YES;
				CLANG_WARN_UNGUARDED_AVAILABILITY = YES_AGGRESSIVE;
				CLANG_WARN_UNREACHABLE_CODE = YES;
				CLANG_WARN__DUPLICATE_METHOD_MATCH = YES;
				COPY_PHASE_STRIP = NO;
				DEBUG_INFORMATION_FORMAT = "dwarf-with-dsym";
				ENABLE_NS_ASSERTIONS = NO;
				ENABLE_STRICT_OBJC_MSGSEND = YES;
				GCC_C_LANGUAGE_STANDARD = gnu11;
				GCC_NO_COMMON_BLOCKS = YES;
				GCC_WARN_64_TO_32_BIT_CONVERSION = YES;
				GCC_WARN_ABOUT_RETURN_TYPE = YES_ERROR;
				GCC_WARN_UNDECLARED_SELECTOR = YES;
				GCC_WARN_UNINITIALIZED_AUTOS = YES_AGGRESSIVE;
				GCC_WARN_UNUSED_FUNCTION = YES;
				GCC_WARN_UNUSED_VARIABLE = YES;
				IPHONEOS_DEPLOYMENT_TARGET = 13.2;
				MTL_ENABLE_DEBUG_INFO = NO;
				MTL_FAST_MATH = YES;
				SDKROOT = iphoneos;
				SWIFT_COMPILATION_MODE = wholemodule;
				SWIFT_OPTIMIZATION_LEVEL = "-O";
				VALIDATE_PRODUCT = YES;
			};
			name = Release;
		};
		A1317FF623A6C4820039AC17 /* Debug */ = {
			isa = XCBuildConfiguration;
			buildSettings = {
				ASSETCATALOG_COMPILER_APPICON_NAME = AppIcon;
				CODE_SIGN_ENTITLEMENTS = minventure/minventure.entitlements;
				CODE_SIGN_STYLE = Automatic;
				DERIVE_MACCATALYST_PRODUCT_BUNDLE_IDENTIFIER = YES;
				DEVELOPMENT_ASSET_PATHS = "\"minventure/Preview Content\"";
				DEVELOPMENT_TEAM = 98G335Y8ST;
				ENABLE_PREVIEWS = YES;
				INFOPLIST_FILE = minventure/Info.plist;
				IPHONEOS_DEPLOYMENT_TARGET = 13.2;
				LD_RUNPATH_SEARCH_PATHS = (
					"$(inherited)",
					"@executable_path/Frameworks",
				);
				PRODUCT_BUNDLE_IDENTIFIER = AS.minventure;
				PRODUCT_NAME = "$(TARGET_NAME)";
				SUPPORTS_MACCATALYST = YES;
				SWIFT_VERSION = 5.0;
				TARGETED_DEVICE_FAMILY = "1,2";
			};
			name = Debug;
		};
		A1317FF723A6C4820039AC17 /* Release */ = {
			isa = XCBuildConfiguration;
			buildSettings = {
				ASSETCATALOG_COMPILER_APPICON_NAME = AppIcon;
				CODE_SIGN_ENTITLEMENTS = minventure/minventure.entitlements;
				CODE_SIGN_STYLE = Automatic;
				DERIVE_MACCATALYST_PRODUCT_BUNDLE_IDENTIFIER = YES;
				DEVELOPMENT_ASSET_PATHS = "\"minventure/Preview Content\"";
				DEVELOPMENT_TEAM = 98G335Y8ST;
				ENABLE_PREVIEWS = YES;
				INFOPLIST_FILE = minventure/Info.plist;
				IPHONEOS_DEPLOYMENT_TARGET = 13.2;
				LD_RUNPATH_SEARCH_PATHS = (
					"$(inherited)",
					"@executable_path/Frameworks",
				);
				PRODUCT_BUNDLE_IDENTIFIER = AS.minventure;
				PRODUCT_NAME = "$(TARGET_NAME)";
				SUPPORTS_MACCATALYST = YES;
				SWIFT_VERSION = 5.0;
				TARGETED_DEVICE_FAMILY = "1,2";
			};
			name = Release;
		};
/* End XCBuildConfiguration section */

/* Begin XCConfigurationList section */
		A1317FDC23A6C4810039AC17 /* Build configuration list for PBXProject "minventure" */ = {
			isa = XCConfigurationList;
			buildConfigurations = (
				A1317FF323A6C4820039AC17 /* Debug */,
				A1317FF423A6C4820039AC17 /* Release */,
			);
			defaultConfigurationIsVisible = 0;
			defaultConfigurationName = Release;
		};
		A1317FF523A6C4820039AC17 /* Build configuration list for PBXNativeTarget "minventure" */ = {
			isa = XCConfigurationList;
			buildConfigurations = (
				A1317FF623A6C4820039AC17 /* Debug */,
				A1317FF723A6C4820039AC17 /* Release */,
			);
			defaultConfigurationIsVisible = 0;
			defaultConfigurationName = Release;
		};
/* End XCConfigurationList section */
	};
	rootObject = A1317FD923A6C4810039AC17 /* Project object */;
}
